{
  "name": "bhainesva.github.io",
  "version": "1.0.0",
  "lockfileVersion": 1,
  "requires": true,
  "dependencies": {
    "baconjs": {
      "version": "3.0.5",
      "resolved": "https://registry.npmjs.org/baconjs/-/baconjs-3.0.5.tgz",
      "integrity": "sha512-JBghc04y8x9gyeYeATe9mEsK4B3MhqUqNNpbuVD+In49kgTbTE+8a9GgoxWVeolDSdNMBbPQqh/8CXdqbMbHVQ=="
    },
    "highlight.js": {
      "version": "9.15.8",
      "resolved": "https://registry.npmjs.org/highlight.js/-/highlight.js-9.15.8.tgz",
      "integrity": "sha512-RrapkKQWwE+wKdF73VsOa2RQdIoO3mxwJ4P8mhbI6KYJUraUHRKM5w5zQQKXNk0xNL4UVRdulV9SBJcmzJNzVA=="
    },
    "ramda": {
      "version": "0.26.1",
      "resolved": "https://registry.npmjs.org/ramda/-/ramda-0.26.1.tgz",
      "integrity": "sha512-hLWjpy7EnsDBb0p+Z3B7rPi3GDeRG5ZtiI33kJhTt+ORCd38AbAIjB/9zRIUoeTbE/AVX5ZkU7m6bznsvrf8eQ=="
    }
  }
}
